
Microsoft Visual Studio Solution File, Format Version 12.00
# Visual Studio 15
VisualStudioVersion = 15.0.28307.329
MinimumVisualStudioVersion = 10.0.40219.1
Project("{FAE04EC0-301F-11D3-BF4B-00C04F79EFBC}") = "Eco-Colocation", "Eco-Colocation\Eco-Colocation.csproj", "{17518AEE-5379-408E-A90C-AC018BDDFB24}"
EndProject
Project("{FAE04EC0-301F-11D3-BF4B-00C04F79EFBC}") = "Eco-Colocation.BO", "Eco-Colocation.BO\Eco-Colocation.BO.csproj", "{63297482-8029-4AF7-94D0-D0C1E12ED770}"
EndProject
Project("{FAE04EC0-301F-11D3-BF4B-00C04F79EFBC}") = "Eco-Colocation.DAL", "Eco-Colocation.DAL\Eco-Colocation.DAL.csproj", "{8DF0B8AB-F8BA-476D-BB09-F575031BC031}"
EndProject
Project("{FAE04EC0-301F-11D3-BF4B-00C04F79EFBC}") = "Eco-Colocation.BLL", "Eco-Colocation.BLL\Eco-Colocation.BLL.csproj", "{ED646839-ADC4-41E9-AC34-40B03DBE2155}"
EndProject
Global
	GlobalSection(SolutionConfigurationPlatforms) = preSolution
		Debug|Any CPU = Debug|Any CPU
		Release|Any CPU = Release|Any CPU
	EndGlobalSection
	GlobalSection(ProjectConfigurationPlatforms) = postSolution
		{17518AEE-5379-408E-A90C-AC018BDDFB24}.Debug|Any CPU.ActiveCfg = Debug|Any CPU
		{17518AEE-5379-408E-A90C-AC018BDDFB24}.Debug|Any CPU.Build.0 = Debug|Any CPU
		{17518AEE-5379-408E-A90C-AC018BDDFB24}.Release|Any CPU.ActiveCfg = Release|Any CPU
		{17518AEE-5379-408E-A90C-AC018BDDFB24}.Release|Any CPU.Build.0 = Release|Any CPU
		{63297482-8029-4AF7-94D0-D0C1E12ED770}.Debug|Any CPU.ActiveCfg = Debug|Any CPU
		{63297482-8029-4AF7-94D0-D0C1E12ED770}.Debug|Any CPU.Build.0 = Debug|Any CPU
		{63297482-8029-4AF7-94D0-D0C1E12ED770}.Release|Any CPU.ActiveCfg = Release|Any CPU
		{63297482-8029-4AF7-94D0-D0C1E12ED770}.Release|Any CPU.Build.0 = Release|Any CPU
		{8DF0B8AB-F8BA-476D-BB09-F575031BC031}.Debug|Any CPU.ActiveCfg = Debug|Any CPU
		{8DF0B8AB-F8BA-476D-BB09-F575031BC031}.Debug|Any CPU.Build.0 = Debug|Any CPU
		{8DF0B8AB-F8BA-476D-BB09-F575031BC031}.Release|Any CPU.ActiveCfg = Release|Any CPU
		{8DF0B8AB-F8BA-476D-BB09-F575031BC031}.Release|Any CPU.Build.0 = Release|Any CPU
		{ED646839-ADC4-41E9-AC34-40B03DBE2155}.Debug|Any CPU.ActiveCfg = Debug|Any CPU
		{ED646839-ADC4-41E9-AC34-40B03DBE2155}.Debug|Any CPU.Build.0 = Debug|Any CPU
		{ED646839-ADC4-41E9-AC34-40B03DBE2155}.Release|Any CPU.ActiveCfg = Release|Any CPU
		{ED646839-ADC4-41E9-AC34-40B03DBE2155}.Release|Any CPU.Build.0 = Release|Any CPU
	EndGlobalSection
	GlobalSection(SolutionProperties) = preSolution
		HideSolutionNode = FALSE
	EndGlobalSection
	GlobalSection(ExtensibilityGlobals) = postSolution
		SolutionGuid = {000C0CEB-D70D-455A-A899-691BD88221BC}
	EndGlobalSection
EndGlobal
